
Microsoft Visual Studio Solution File, Format Version 12.00
# Visual Studio Version 17
VisualStudioVersion = 17.14.36717.8
MinimumVisualStudioVersion = 10.0.40219.1
Project("{FAE04EC0-301F-11D3-BF4B-00C04F79EFBC}") = "NewAnomalyThreatsRustedArmy", "NewAnomalyThreatsRustedArmy.csproj", "{70F33C3F-37B1-4119-BCF4-C7AB32A28A84}"
EndProject
Project("{FAE04EC0-301F-11D3-BF4B-00C04F79EFBC}") = "NewAnomalyThreatsRustedArmyCE", "..\NewAnomalyThreatsRustedArmyCE\NewAnomalyThreatsRustedArmyCE.csproj", "{A5687E2E-827A-4599-9E4A-436CBD0C7BFF}"
EndProject
Global
	GlobalSection(SolutionConfigurationPlatforms) = preSolution
		Debug|Any CPU = Debug|Any CPU
		Release|Any CPU = Release|Any CPU
	EndGlobalSection
	GlobalSection(ProjectConfigurationPlatforms) = postSolution
		{70F33C3F-37B1-4119-BCF4-C7AB32A28A84}.Debug|Any CPU.ActiveCfg = Debug|Any CPU
		{70F33C3F-37B1-4119-BCF4-C7AB32A28A84}.Debug|Any CPU.Build.0 = Debug|Any CPU
		{70F33C3F-37B1-4119-BCF4-C7AB32A28A84}.Release|Any CPU.ActiveCfg = Release|Any CPU
		{70F33C3F-37B1-4119-BCF4-C7AB32A28A84}.Release|Any CPU.Build.0 = Release|Any CPU
		{A5687E2E-827A-4599-9E4A-436CBD0C7BFF}.Debug|Any CPU.ActiveCfg = Debug|Any CPU
		{A5687E2E-827A-4599-9E4A-436CBD0C7BFF}.Debug|Any CPU.Build.0 = Debug|Any CPU
		{A5687E2E-827A-4599-9E4A-436CBD0C7BFF}.Release|Any CPU.ActiveCfg = Release|Any CPU
		{A5687E2E-827A-4599-9E4A-436CBD0C7BFF}.Release|Any CPU.Build.0 = Release|Any CPU
	EndGlobalSection
	GlobalSection(SolutionProperties) = preSolution
		HideSolutionNode = FALSE
	EndGlobalSection
	GlobalSection(ExtensibilityGlobals) = postSolution
		SolutionGuid = {BD7BDC0B-37FF-4D16-B6D0-CD8A3800FBCF}
	EndGlobalSection
EndGlobal
